{
  "requires": true,
  "lockfileVersion": 1,
  "dependencies": {
    "@d3/stacked-bar-chart": {
      "version": "https://api.observablehq.com/@d3/stacked-bar-chart.tgz?v=3",
      "integrity": "sha512-cNMnLZKLBmjo75nh/kLUIyjnnmBno+HTdEke8YoQC319QYoCwrFm0SyVWwQMbPEr3yXM/7xdu6T9SlroBI4GAQ=="
    },
    "@observablehq/inspector": {
      "version": "3.2.2",
      "resolved": "https://registry.npmjs.org/@observablehq/inspector/-/inspector-3.2.2.tgz",
      "integrity": "sha512-HBHtruB7hcNqyapyNF77fPVpiCyqEZsmLD6rhCy7nHPaciAEPML4NtQG2QBuTkYlEu64Zulky6g3ABrD0PhX2Q=="
    },
    "@observablehq/runtime": {
      "version": "4.11.2",
      "resolved": "https://registry.npmjs.org/@observablehq/runtime/-/runtime-4.11.2.tgz",
      "integrity": "sha512-UG9z360yLxwjwL98K9ChqvipFBUlT5Y4ouMD1fEy/i31nuWD49nZ+MwD9NKPvcbxqnSDj3iZ/WmyGK+aOlIdtw==",
      "requires": {
        "@observablehq/inspector": "^3.2.2",
        "@observablehq/stdlib": "^3.4.1"
      }
    },
    "@observablehq/stdlib": {
      "version": "3.7.1",
      "resolved": "https://registry.npmjs.org/@observablehq/stdlib/-/stdlib-3.7.1.tgz",
      "integrity": "sha512-1RV6YC6tX7A3WlM4Rvlf8X16vMhkVONdAkughi2YD6Ei8BI41zKT/aUaUwKT55IUA01nsRHgqxi2Jf6Xdu84bg==",
      "requires": {
        "d3-require": "^1.2.4"
      }
    },
    "d3-require": {
      "version": "1.2.4",
      "resolved": "https://registry.npmjs.org/d3-require/-/d3-require-1.2.4.tgz",
      "integrity": "sha512-8UseEGCkBkBxIMouLMPONUBmU8DUPC1q12LARV1Lk/2Jwa32SVgmRfX8GdIeR06ZP+CG85YD3N13K2s14qCNyA=="
    }
  }
}
